{
  "name": "mlb-scores-cli",
  "version": "1.0.0",
  "lockfileVersion": 1,
  "requires": true,
  "dependencies": {
    "colors": {
      "version": "1.1.2",
      "resolved": "https://registry.npmjs.org/colors/-/colors-1.1.2.tgz",
      "integrity": "sha1-FopHAXVran9RoSzgyXv6KMCE7WM="
    },
    "comander": {
      "version": "0.0.1-security",
      "resolved": "https://registry.npmjs.org/comander/-/comander-0.0.1-security.tgz",
      "integrity": "sha512-cxCGvHkaEtEsBsKjz8XrAiaOIkecgmMvhetsaxQYt35e8MEW4ATPevJTrzOrpAd1NyWmgIpLrwPLhQoHvnj89w=="
    }
  }
}
